
Microsoft Visual Studio Solution File, Format Version 12.00
# Visual Studio 2013
VisualStudioVersion = 12.0.21005.1
MinimumVisualStudioVersion = 10.0.40219.1
Project("{FAE04EC0-301F-11D3-BF4B-00C04F79EFBC}") = "WebSite", "WebSite\WebSite.csproj", "{3A7B1DE2-0727-46BD-A38B-02BC1CD0D1DD}"
EndProject
Project("{FAE04EC0-301F-11D3-BF4B-00C04F79EFBC}") = "API", "API\API.csproj", "{6A4BB797-0A18-4B4D-9134-A0BBC2BD9E45}"
EndProject
Global
	GlobalSection(SolutionConfigurationPlatforms) = preSolution
		Debug|Any CPU = Debug|Any CPU
		Release|Any CPU = Release|Any CPU
	EndGlobalSection
	GlobalSection(ProjectConfigurationPlatforms) = postSolution
		{3A7B1DE2-0727-46BD-A38B-02BC1CD0D1DD}.Debug|Any CPU.ActiveCfg = Debug|Any CPU
		{3A7B1DE2-0727-46BD-A38B-02BC1CD0D1DD}.Debug|Any CPU.Build.0 = Debug|Any CPU
		{3A7B1DE2-0727-46BD-A38B-02BC1CD0D1DD}.Release|Any CPU.ActiveCfg = Release|Any CPU
		{3A7B1DE2-0727-46BD-A38B-02BC1CD0D1DD}.Release|Any CPU.Build.0 = Release|Any CPU
		{6A4BB797-0A18-4B4D-9134-A0BBC2BD9E45}.Debug|Any CPU.ActiveCfg = Debug|Any CPU
		{6A4BB797-0A18-4B4D-9134-A0BBC2BD9E45}.Debug|Any CPU.Build.0 = Debug|Any CPU
		{6A4BB797-0A18-4B4D-9134-A0BBC2BD9E45}.Release|Any CPU.ActiveCfg = Release|Any CPU
		{6A4BB797-0A18-4B4D-9134-A0BBC2BD9E45}.Release|Any CPU.Build.0 = Release|Any CPU
	EndGlobalSection
	GlobalSection(SolutionProperties) = preSolution
		HideSolutionNode = FALSE
	EndGlobalSection
	GlobalSection(ExtensibilityGlobals) = postSolution
		SolutionGuid = {A836977D-082C-4DA7-9A01-FC88B806FBE9}
	EndGlobalSection
EndGlobal
